{
  "lockfileVersion": 1,
  "configVersion": 1,
  "workspaces": {
    "": {
      "name": "fractal-monorepo",
      "devDependencies": {
        "@typescript/native-preview": "latest",
        "bun-types": "^1.3.14",
        "typescript": "^6.0.3",
      },
    },
    "examples/spine-demo": {
      "name": "@rhi-zone/fractal-example-spine-demo",
      "version": "0.0.0",
      "dependencies": {
        "@rhi-zone/fractal-core": "workspace:*",
        "@rhi-zone/fractal-http": "workspace:*",
      },
    },
    "packages/codegen": {
      "name": "@rhi-zone/fractal-codegen",
      "version": "0.1.0-alpha.0",
      "dependencies": {
        "typescript": "^6.0.3",
      },
      "devDependencies": {
        "@rhi-zone/fractal-core": "workspace:*",
        "@rhi-zone/fractal-mcp": "workspace:*",
      },
    },
    "packages/core": {
      "name": "@rhi-zone/fractal-core",
      "version": "0.1.0-alpha.0",
    },
    "packages/http": {
      "name": "@rhi-zone/fractal-http",
      "version": "0.1.0-alpha.0",
      "dependencies": {
        "@rhi-zone/fractal-core": "workspace:*",
      },
    },
    "packages/mcp": {
      "name": "@rhi-zone/fractal-mcp",
      "version": "0.1.0-alpha.0",
      "dependencies": {
        "@rhi-zone/fractal-core": "workspace:*",
      },
      "devDependencies": {
        "@rhi-zone/fractal-http": "workspace:*",
      },
    },
  },
  "packages": {
    "@rhi-zone/fractal-codegen": ["@rhi-zone/fractal-codegen@workspace:packages/codegen"],

    "@rhi-zone/fractal-core": ["@rhi-zone/fractal-core@workspace:packages/core"],

    "@rhi-zone/fractal-example-spine-demo": ["@rhi-zone/fractal-example-spine-demo@workspace:examples/spine-demo"],

    "@rhi-zone/fractal-http": ["@rhi-zone/fractal-http@workspace:packages/http"],

    "@rhi-zone/fractal-mcp": ["@rhi-zone/fractal-mcp@workspace:packages/mcp"],

    "@types/node": ["@types/node@25.9.1", "", { "dependencies": { "undici-types": ">=7.24.0 <7.24.7" } }, "sha512-xfrlY7UD5rMJk3ZVJP8BNzS28J36YJg+xp+LPXV1TdWxr8uMH5A860QNxYDGQe/ylDSgjxE52Q9VnO7p75tJxg=="],

    "@typescript/native-preview": ["@typescript/native-preview@7.0.0-dev.20260527.2", "", { "optionalDependencies": { "@typescript/native-preview-darwin-arm64": "7.0.0-dev.20260527.2", "@typescript/native-preview-darwin-x64": "7.0.0-dev.20260527.2", "@typescript/native-preview-linux-arm": "7.0.0-dev.20260527.2", "@typescript/native-preview-linux-arm64": "7.0.0-dev.20260527.2", "@typescript/native-preview-linux-x64": "7.0.0-dev.20260527.2", "@typescript/native-preview-win32-arm64": "7.0.0-dev.20260527.2", "@typescript/native-preview-win32-x64": "7.0.0-dev.20260527.2" }, "bin": { "tsgo": "bin/tsgo.js" } }, "sha512-piqkDwikVeizCFqA1lcwI5F4wOAtBdxuliWe77ApBNRyBPPvfCJB+u/HYi9/8t5nd0sWvFs6/qt/AzJ1CCoykQ=="],

    "@typescript/native-preview-darwin-arm64": ["@typescript/native-preview-darwin-arm64@7.0.0-dev.20260527.2", "", { "os": "darwin", "cpu": "arm64" }, "sha512-3LqSu4DlxkEfeC/Z/29QMCJn5jjkDtXI7LYuxfmjdmAatS6umDKqm8J17fnP/7fyrZUMBTIYRwSDpChGV3G1ew=="],

    "@typescript/native-preview-darwin-x64": ["@typescript/native-preview-darwin-x64@7.0.0-dev.20260527.2", "", { "os": "darwin", "cpu": "x64" }, "sha512-H4+sxE9qaBbLF83wMdWE0FsgfK0Pom+/O+/oxqyGzhVkDJlNt3vfpgQZMit48/Gm44AacGfBggJ9Dhbi3aeSFw=="],

    "@typescript/native-preview-linux-arm": ["@typescript/native-preview-linux-arm@7.0.0-dev.20260527.2", "", { "os": "linux", "cpu": "arm" }, "sha512-6I9Cv9ozwfS9zB9vRQDPIYseLX3artEO9jl3yVgLj4ishwlSF4cWAbIsjl5IztPaEgHv8coej/6tX1D0uaBzXg=="],

    "@typescript/native-preview-linux-arm64": ["@typescript/native-preview-linux-arm64@7.0.0-dev.20260527.2", "", { "os": "linux", "cpu": "arm64" }, "sha512-BGUDMjC2Z3TTdZRkGGwhBLelkP5UYgO2rbep8aF4dS3fu7T5lFPPrnfS6EgqJgie+cF5Fsev7xEq8wWyBDM+lg=="],

    "@typescript/native-preview-linux-x64": ["@typescript/native-preview-linux-x64@7.0.0-dev.20260527.2", "", { "os": "linux", "cpu": "x64" }, "sha512-vpazOu+ozlxBo8U57YJMzsOPuxAV8H7fu36KJ8ea8At/D8pdGmOAy5TuB+9OBQV9JDe0OXJMy2kmbhOpmkTAmA=="],

    "@typescript/native-preview-win32-arm64": ["@typescript/native-preview-win32-arm64@7.0.0-dev.20260527.2", "", { "os": "win32", "cpu": "arm64" }, "sha512-DBFnFE3V6AITkPO1K1VxXf3yEZKjU2FwtXlNwRqhzDu0rrL2SsJHOSrBDX+OacTxQFzZMxFcpiuhV8jHZALPEg=="],

    "@typescript/native-preview-win32-x64": ["@typescript/native-preview-win32-x64@7.0.0-dev.20260527.2", "", { "os": "win32", "cpu": "x64" }, "sha512-1tBlErMvQgcMqqYwsx4tytupcjCJcOUXD3vBn1Wb/kAvus1FzWQAFE0fcKBvLfcqLQfTiiEwKKEtbLjGmakqqg=="],

    "bun-types": ["bun-types@1.3.14", "", { "dependencies": { "@types/node": "*" } }, "sha512-4N0ig0fEomHt5R0KCFWjovxow98rIoRwKolrYdCcknNwMekCXRnWEUvgu5soYV8QXtVsrUD8B95MBOZGPvr6KQ=="],

    "typescript": ["typescript@6.0.3", "", { "bin": { "tsc": "bin/tsc", "tsserver": "bin/tsserver" } }, "sha512-y2TvuxSZPDyQakkFRPZHKFm+KKVqIisdg9/CZwm9ftvKXLP8NRWj38/ODjNbr43SsoXqNuAisEf1GdCxqWcdBw=="],

    "undici-types": ["undici-types@7.24.6", "", {}, "sha512-WRNW+sJgj5OBN4/0JpHFqtqzhpbnV0GuB+OozA9gCL7a993SmU+1JBZCzLNxYsbMfIeDL+lTsphD5jN5N+n0zg=="],
  }
}
